
Microsoft Visual Studio Solution File, Format Version 12.00
# Visual Studio Version 16
VisualStudioVersion = 16.0.35731.53
MinimumVisualStudioVersion = 10.0.40219.1
Project("{FAE04EC0-301F-11D3-BF4B-00C04F79EFBC}") = "RES_PACKER", "RES_PACKER\RES_PACKER.csproj", "{D28B77F3-0C93-4C8D-9F17-17F0D84F1CE1}"
EndProject
Global
	GlobalSection(SolutionConfigurationPlatforms) = preSolution
		Debug|Any CPU = Debug|Any CPU
		Release|Any CPU = Release|Any CPU
	EndGlobalSection
	GlobalSection(ProjectConfigurationPlatforms) = postSolution
		{D28B77F3-0C93-4C8D-9F17-17F0D84F1CE1}.Debug|Any CPU.ActiveCfg = Debug|Any CPU
		{D28B77F3-0C93-4C8D-9F17-17F0D84F1CE1}.Debug|Any CPU.Build.0 = Debug|Any CPU
		{D28B77F3-0C93-4C8D-9F17-17F0D84F1CE1}.Release|Any CPU.ActiveCfg = Release|Any CPU
		{D28B77F3-0C93-4C8D-9F17-17F0D84F1CE1}.Release|Any CPU.Build.0 = Release|Any CPU
	EndGlobalSection
	GlobalSection(SolutionProperties) = preSolution
		HideSolutionNode = FALSE
	EndGlobalSection
	GlobalSection(ExtensibilityGlobals) = postSolution
		SolutionGuid = {A927CA94-F887-480D-854D-E633F0EDBB16}
	EndGlobalSection
EndGlobal
