
Microsoft Visual Studio Solution File, Format Version 12.00
# Visual Studio Version 16
VisualStudioVersion = 16.0.35731.53
MinimumVisualStudioVersion = 10.0.40219.1
Project("{FAE04EC0-301F-11D3-BF4B-00C04F79EFBC}") = "RES_UNPACKER", "RES_UNPACKER\RES_UNPACKER.csproj", "{007DBDCF-6646-409C-BD5F-429D2DF6484D}"
EndProject
Global
	GlobalSection(SolutionConfigurationPlatforms) = preSolution
		Debug|Any CPU = Debug|Any CPU
		Release|Any CPU = Release|Any CPU
	EndGlobalSection
	GlobalSection(ProjectConfigurationPlatforms) = postSolution
		{007DBDCF-6646-409C-BD5F-429D2DF6484D}.Debug|Any CPU.ActiveCfg = Debug|Any CPU
		{007DBDCF-6646-409C-BD5F-429D2DF6484D}.Debug|Any CPU.Build.0 = Debug|Any CPU
		{007DBDCF-6646-409C-BD5F-429D2DF6484D}.Release|Any CPU.ActiveCfg = Release|Any CPU
		{007DBDCF-6646-409C-BD5F-429D2DF6484D}.Release|Any CPU.Build.0 = Release|Any CPU
	EndGlobalSection
	GlobalSection(SolutionProperties) = preSolution
		HideSolutionNode = FALSE
	EndGlobalSection
	GlobalSection(ExtensibilityGlobals) = postSolution
		SolutionGuid = {FC3621CE-98D2-4AB6-A3A9-42EA4A140828}
	EndGlobalSection
EndGlobal
