
Microsoft Visual Studio Solution File, Format Version 12.00
# Visual Studio Version 16
VisualStudioVersion = 16.0.35731.53
MinimumVisualStudioVersion = 10.0.40219.1
Project("{FAE04EC0-301F-11D3-BF4B-00C04F79EFBC}") = "GEB2CS", "GEB2CS\GEB2CS.csproj", "{C9A59E57-52FD-49C3-B051-AB9CA3A34190}"
EndProject
Global
	GlobalSection(SolutionConfigurationPlatforms) = preSolution
		Debug|Any CPU = Debug|Any CPU
		Release|Any CPU = Release|Any CPU
	EndGlobalSection
	GlobalSection(ProjectConfigurationPlatforms) = postSolution
		{C9A59E57-52FD-49C3-B051-AB9CA3A34190}.Debug|Any CPU.ActiveCfg = Debug|Any CPU
		{C9A59E57-52FD-49C3-B051-AB9CA3A34190}.Debug|Any CPU.Build.0 = Debug|Any CPU
		{C9A59E57-52FD-49C3-B051-AB9CA3A34190}.Release|Any CPU.ActiveCfg = Release|Any CPU
		{C9A59E57-52FD-49C3-B051-AB9CA3A34190}.Release|Any CPU.Build.0 = Release|Any CPU
	EndGlobalSection
	GlobalSection(SolutionProperties) = preSolution
		HideSolutionNode = FALSE
	EndGlobalSection
	GlobalSection(ExtensibilityGlobals) = postSolution
		SolutionGuid = {4DD72A07-D182-446A-BA82-1EDCFF684CE3}
	EndGlobalSection
EndGlobal
