
Microsoft Visual Studio Solution File, Format Version 12.00
# Visual Studio 15
VisualStudioVersion = 15.0.35714.111
MinimumVisualStudioVersion = 10.0.40219.1
Project("{FAE04EC0-301F-11D3-BF4B-00C04F79EFBC}") = "RES_Loader", "RES_Loader\RES_Loader.csproj", "{2C0488DB-8F25-4D21-99A6-A10F36BFFD28}"
EndProject
Global
	GlobalSection(SolutionConfigurationPlatforms) = preSolution
		Debug|Any CPU = Debug|Any CPU
		Release|Any CPU = Release|Any CPU
	EndGlobalSection
	GlobalSection(ProjectConfigurationPlatforms) = postSolution
		{2C0488DB-8F25-4D21-99A6-A10F36BFFD28}.Debug|Any CPU.ActiveCfg = Debug|Any CPU
		{2C0488DB-8F25-4D21-99A6-A10F36BFFD28}.Debug|Any CPU.Build.0 = Debug|Any CPU
		{2C0488DB-8F25-4D21-99A6-A10F36BFFD28}.Release|Any CPU.ActiveCfg = Release|Any CPU
		{2C0488DB-8F25-4D21-99A6-A10F36BFFD28}.Release|Any CPU.Build.0 = Release|Any CPU
	EndGlobalSection
	GlobalSection(SolutionProperties) = preSolution
		HideSolutionNode = FALSE
	EndGlobalSection
	GlobalSection(ExtensibilityGlobals) = postSolution
		SolutionGuid = {DB830334-876A-4025-B691-015614D02E8F}
	EndGlobalSection
EndGlobal
